
Microsoft Visual Studio Solution File, Format Version 12.00
# Visual Studio Version 17
VisualStudioVersion = 17.2.32505.173
MinimumVisualStudioVersion = 10.0.40219.1
Project("{FAE04EC0-301F-11D3-BF4B-00C04F79EFBC}") = "Design Pattern -Factory Method", "Design Pattern -Factory Method.csproj", "{D6ACAB6D-E3BD-458E-987E-B16E471A63A8}"
EndProject
Global
	GlobalSection(SolutionConfigurationPlatforms) = preSolution
		Debug|Any CPU = Debug|Any CPU
		Release|Any CPU = Release|Any CPU
	EndGlobalSection
	GlobalSection(ProjectConfigurationPlatforms) = postSolution
		{D6ACAB6D-E3BD-458E-987E-B16E471A63A8}.Debug|Any CPU.ActiveCfg = Debug|Any CPU
		{D6ACAB6D-E3BD-458E-987E-B16E471A63A8}.Debug|Any CPU.Build.0 = Debug|Any CPU
		{D6ACAB6D-E3BD-458E-987E-B16E471A63A8}.Release|Any CPU.ActiveCfg = Release|Any CPU
		{D6ACAB6D-E3BD-458E-987E-B16E471A63A8}.Release|Any CPU.Build.0 = Release|Any CPU
	EndGlobalSection
	GlobalSection(SolutionProperties) = preSolution
		HideSolutionNode = FALSE
	EndGlobalSection
	GlobalSection(ExtensibilityGlobals) = postSolution
		SolutionGuid = {140B79C7-651A-4A16-A3AB-86D97F5786C3}
	EndGlobalSection
EndGlobal
